// !$*UTF8*$!
{
	archiveVersion = 1;
	classes = {
	};
	objectVersion = 46;
	objects = {

/* Begin PBXBuildFile section */
		46676E8B1C7C58510010DEC6 /* main.m in Sources */ = {isa = PBXBuildFile; fileRef = 46676E8A1C7C58510010DEC6 /* main.m */; };
		46676EA11C7C58EF0010DEC6 /* MJson.m in Sources */ = {isa = PBXBuildFile; fileRef = 46676E9E1C7C58EF0010DEC6 /* MJson.m */; settings = {ASSET_TAGS = (); }; };
		46676EA21C7C58EF0010DEC6 /* MJsonDocument.m in Sources */ = {isa = PBXBuildFile; fileRef = 46676E9F1C7C58EF0010DEC6 /* MJsonDocument.m */; settings = {ASSET_TAGS = (); }; };
		46676EA31C7C58EF0010DEC6 /* MJsonNodeType.m in Sources */ = {isa = PBXBuildFile; fileRef = 46676EA01C7C58EF0010DEC6 /* MJsonNodeType.m */; settings = {ASSET_TAGS = (); }; };
/* End PBXBuildFile section */

/* Begin PBXCopyFilesBuildPhase section */
		46676E851C7C58510010DEC6 /* CopyFiles */ = {
			isa = PBXCopyFilesBuildPhase;
			buildActionMask = 2147483647;
			dstPath = /usr/share/man/man1/;
			dstSubfolderSpec = 0;
			files = (
			);
			runOnlyForDeploymentPostprocessing = 1;
		};
/* End PBXCopyFilesBuildPhase section */

/* Begin PBXFileReference section */
		46676E871C7C58510010DEC6 /* MJsonPath */ = {isa = PBXFileReference; explicitFileType = "compiled.mach-o.executable"; includeInIndex = 0; path = MJsonPath; sourceTree = BUILT_PRODUCTS_DIR; };
		46676E8A1C7C58510010DEC6 /* main.m */ = {isa = PBXFileReference; lastKnownFileType = sourcecode.c.objc; path = main.m; sourceTree = "<group>"; };
		46676E9B1C7C58EF0010DEC6 /* MJson.h */ = {isa = PBXFileReference; fileEncoding = 4; lastKnownFileType = sourcecode.c.h; path = MJson.h; sourceTree = "<group>"; };
		46676E9C1C7C58EF0010DEC6 /* MJsonDocument.h */ = {isa = PBXFileReference; fileEncoding = 4; lastKnownFileType = sourcecode.c.h; path = MJsonDocument.h; sourceTree = "<group>"; };
		46676E9D1C7C58EF0010DEC6 /* MJsonNodeType.h */ = {isa = PBXFileReference; fileEncoding = 4; lastKnownFileType = sourcecode.c.h; path = MJsonNodeType.h; sourceTree = "<group>"; };
		46676E9E1C7C58EF0010DEC6 /* MJson.m */ = {isa = PBXFileReference; fileEncoding = 4; lastKnownFileType = sourcecode.c.objc; path = MJson.m; sourceTree = "<group>"; };
		46676E9F1C7C58EF0010DEC6 /* MJsonDocument.m */ = {isa = PBXFileReference; fileEncoding = 4; lastKnownFileType = sourcecode.c.objc; path = MJsonDocument.m; sourceTree = "<group>"; };
		46676EA01C7C58EF0010DEC6 /* MJsonNodeType.m */ = {isa = PBXFileReference; fileEncoding = 4; lastKnownFileType = sourcecode.c.objc; path = MJsonNodeType.m; sourceTree = "<group>"; };
/* End PBXFileReference section */

/* Begin PBXFrameworksBuildPhase section */
		46676E841C7C58510010DEC6 /* Frameworks */ = {
			isa = PBXFrameworksBuildPhase;
			buildActionMask = 2147483647;
			files = (
			);
			runOnlyForDeploymentPostprocessing = 0;
		};
/* End PBXFrameworksBuildPhase section */

/* Begin PBXGroup section */
		46676E7E1C7C58510010DEC6 = {
			isa = PBXGroup;
			children = (
				46676E891C7C58510010DEC6 /* MJsonPath */,
				46676E881C7C58510010DEC6 /* Products */,
			);
			sourceTree = "<group>";
		};
		46676E881C7C58510010DEC6 /* Products */ = {
			isa = PBXGroup;
			children = (
				46676E871C7C58510010DEC6 /* MJsonPath */,
			);
			name = Products;
			sourceTree = "<group>";
		};
		46676E891C7C58510010DEC6 /* MJsonPath */ = {
			isa = PBXGroup;
			children = (
				46676E911C7C587C0010DEC6 /* src */,
				46676E8A1C7C58510010DEC6 /* main.m */,
			);
			path = MJsonPath;
			sourceTree = "<group>";
		};
		46676E911C7C587C0010DEC6 /* src */ = {
			isa = PBXGroup;
			children = (
				46676E9B1C7C58EF0010DEC6 /* MJson.h */,
				46676E9C1C7C58EF0010DEC6 /* MJsonDocument.h */,
				46676E9D1C7C58EF0010DEC6 /* MJsonNodeType.h */,
				46676E9E1C7C58EF0010DEC6 /* MJson.m */,
				46676E9F1C7C58EF0010DEC6 /* MJsonDocument.m */,
				46676EA01C7C58EF0010DEC6 /* MJsonNodeType.m */,
			);
			path = src;
			sourceTree = "<group>";
		};
/* End PBXGroup section */

/* Begin PBXNativeTarget section */
		46676E861C7C58510010DEC6 /* MJsonPath */ = {
			isa = PBXNativeTarget;
			buildConfigurationList = 46676E8E1C7C58510010DEC6 /* Build configuration list for PBXNativeTarget "MJsonPath" */;
			buildPhases = (
				46676E831C7C58510010DEC6 /* Sources */,
				46676E841C7C58510010DEC6 /* Frameworks */,
				46676E851C7C58510010DEC6 /* CopyFiles */,
			);
			buildRules = (
			);
			dependencies = (
			);
			name = MJsonPath;
			productName = MJsonPath;
			productReference = 46676E871C7C58510010DEC6 /* MJsonPath */;
			productType = "com.apple.product-type.tool";
		};
/* End PBXNativeTarget section */

/* Begin PBXProject section */
		46676E7F1C7C58510010DEC6 /* Project object */ = {
			isa = PBXProject;
			attributes = {
				LastUpgradeCheck = 0700;
				ORGANIZATIONNAME = janky.xm;
				TargetAttributes = {
					46676E861C7C58510010DEC6 = {
						CreatedOnToolsVersion = 7.0;
					};
				};
			};
			buildConfigurationList = 46676E821C7C58510010DEC6 /* Build configuration list for PBXProject "MJsonPath" */;
			compatibilityVersion = "Xcode 3.2";
			developmentRegion = English;
			hasScannedForEncodings = 0;
			knownRegions = (
				en,
			);
			mainGroup = 46676E7E1C7C58510010DEC6;
			productRefGroup = 46676E881C7C58510010DEC6 /* Products */;
			projectDirPath = "";
			projectRoot = "";
			targets = (
				46676E861C7C58510010DEC6 /* MJsonPath */,
			);
		};
/* End PBXProject section */

/* Begin PBXSourcesBuildPhase section */
		46676E831C7C58510010DEC6 /* Sources */ = {
			isa = PBXSourcesBuildPhase;
			buildActionMask = 2147483647;
			files = (
				46676E8B1C7C58510010DEC6 /* main.m in Sources */,
				46676EA31C7C58EF0010DEC6 /* MJsonNodeType.m in Sources */,
				46676EA11C7C58EF0010DEC6 /* MJson.m in Sources */,
				46676EA21C7C58EF0010DEC6 /* MJsonDocument.m in Sources */,
			);
			runOnlyForDeploymentPostprocessing = 0;
		};
/* End PBXSourcesBuildPhase section */

/* Begin XCBuildConfiguration section */
		46676E8C1C7C58510010DEC6 /* Debug */ = {
			isa = XCBuildConfiguration;
			buildSettings = {
				ALWAYS_SEARCH_USER_PATHS = NO;
				CLANG_CXX_LANGUAGE_STANDARD = "gnu++0x";
				CLANG_CXX_LIBRARY = "libc++";
				CLANG_ENABLE_MODULES = YES;
				CLANG_ENABLE_OBJC_ARC = YES;
				CLANG_WARN_BOOL_CONVERSION = YES;
				CLANG_WARN_CONSTANT_CONVERSION = YES;
				CLANG_WARN_DIRECT_OBJC_ISA_USAGE = YES_ERROR;
				CLANG_WARN_EMPTY_BODY = YES;
				CLANG_WARN_ENUM_CONVERSION = YES;
				CLANG_WARN_INT_CONVERSION = YES;
				CLANG_WARN_OBJC_ROOT_CLASS = YES_ERROR;
				CLANG_WARN_UNREACHABLE_CODE = YES;
				CLANG_WARN__DUPLICATE_METHOD_MATCH = YES;
				COPY_PHASE_STRIP = NO;
				DEBUG_INFORMATION_FORMAT = dwarf;
				ENABLE_STRICT_OBJC_MSGSEND = YES;
				ENABLE_TESTABILITY = YES;
				GCC_C_LANGUAGE_STANDARD = gnu99;
				GCC_DYNAMIC_NO_PIC = NO;
				GCC_NO_COMMON_BLOCKS = YES;
				GCC_OPTIMIZATION_LEVEL = 0;
				GCC_PREPROCESSOR_DEFINITIONS = (
					"DEBUG=1",
					"$(inherited)",
				);
				GCC_WARN_64_TO_32_BIT_CONVERSION = YES;
				GCC_WARN_ABOUT_RETURN_TYPE = YES_ERROR;
				GCC_WARN_UNDECLARED_SELECTOR = YES;
				GCC_WARN_UNINITIALIZED_AUTOS = YES_AGGRESSIVE;
				GCC_WARN_UNUSED_FUNCTION = YES;
				GCC_WARN_UNUSED_VARIABLE = YES;
				MACOSX_DEPLOYMENT_TARGET = 10.11;
				MTL_ENABLE_DEBUG_INFO = YES;
				ONLY_ACTIVE_ARCH = YES;
				SDKROOT = macosx;
			};
			name = Debug;
		};
		46676E8D1C7C58510010DEC6 /* Release */ = {
			isa = XCBuildConfiguration;
			buildSettings = {
				ALWAYS_SEARCH_USER_PATHS = NO;
				CLANG_CXX_LANGUAGE_STANDARD = "gnu++0x";
				CLANG_CXX_LIBRARY = "libc++";
				CLANG_ENABLE_MODULES = YES;
				CLANG_ENABLE_OBJC_ARC = YES;
				CLANG_WARN_BOOL_CONVERSION = YES;
				CLANG_WARN_CONSTANT_CONVERSION = YES;
				CLANG_WARN_DIRECT_OBJC_ISA_USAGE = YES_ERROR;
				CLANG_WARN_EMPTY_BODY = YES;
				CLANG_WARN_ENUM_CONVERSION = YES;
				CLANG_WARN_INT_CONVERSION = YES;
				CLANG_WARN_OBJC_ROOT_CLASS = YES_ERROR;
				CLANG_WARN_UNREACHABLE_CODE = YES;
				CLANG_WARN__DUPLICATE_METHOD_MATCH = YES;
				COPY_PHASE_STRIP = NO;
				DEBUG_INFORMATION_FORMAT = "dwarf-with-dsym";
				ENABLE_NS_ASSERTIONS = NO;
				ENABLE_STRICT_OBJC_MSGSEND = YES;
				GCC_C_LANGUAGE_STANDARD = gnu99;
				GCC_NO_COMMON_BLOCKS = YES;
				GCC_WARN_64_TO_32_BIT_CONVERSION = YES;
				GCC_WARN_ABOUT_RETURN_TYPE = YES_ERROR;
				GCC_WARN_UNDECLARED_SELECTOR = YES;
				GCC_WARN_UNINITIALIZED_AUTOS = YES_AGGRESSIVE;
				GCC_WARN_UNUSED_FUNCTION = YES;
				GCC_WARN_UNUSED_VARIABLE = YES;
				MACOSX_DEPLOYMENT_TARGET = 10.11;
				MTL_ENABLE_DEBUG_INFO = NO;
				SDKROOT = macosx;
			};
			name = Release;
		};
		46676E8F1C7C58510010DEC6 /* Debug */ = {
			isa = XCBuildConfiguration;
			buildSettings = {
				PRODUCT_NAME = "$(TARGET_NAME)";
			};
			name = Debug;
		};
		46676E901C7C58510010DEC6 /* Release */ = {
			isa = XCBuildConfiguration;
			buildSettings = {
				PRODUCT_NAME = "$(TARGET_NAME)";
			};
			name = Release;
		};
/* End XCBuildConfiguration section */

/* Begin XCConfigurationList section */
		46676E821C7C58510010DEC6 /* Build configuration list for PBXProject "MJsonPath" */ = {
			isa = XCConfigurationList;
			buildConfigurations = (
				46676E8C1C7C58510010DEC6 /* Debug */,
				46676E8D1C7C58510010DEC6 /* Release */,
			);
			defaultConfigurationIsVisible = 0;
			defaultConfigurationName = Release;
		};
		46676E8E1C7C58510010DEC6 /* Build configuration list for PBXNativeTarget "MJsonPath" */ = {
			isa = XCConfigurationList;
			buildConfigurations = (
				46676E8F1C7C58510010DEC6 /* Debug */,
				46676E901C7C58510010DEC6 /* Release */,
			);
			defaultConfigurationIsVisible = 0;
		};
/* End XCConfigurationList section */
	};
	rootObject = 46676E7F1C7C58510010DEC6 /* Project object */;
}
